PODS:
  - BubbleTransition (4.0.0)
  - DJKPurchaseService (0.0.23):
    - PersonalizedAdConsent
    - PureLayout
    - SwiftyStoreKit
    - TinyConstraints
  - Firebase/Core (6.21.0):
    - Firebase/CoreOnly
    - FirebaseAnalytics (= 6.4.0)
  - Firebase/CoreOnly (6.21.0):
    - FirebaseCore (= 6.6.5)
  - Firebase/Messaging (6.21.0):
    - Firebase/CoreOnly
    - FirebaseMessaging (~> 4.3.0)
  - FirebaseAnalytics (6.4.0):
    - FirebaseCore (~> 6.6)
    - FirebaseInstallations (~> 1.1)
    - GoogleAppMeasurement (= 6.4.0)
    - GoogleUtilities/AppDelegateSwizzler (~> 6.0)
    - GoogleUtilities/MethodSwizzler (~> 6.0)
    - GoogleUtilities/Network (~> 6.0)
    - "GoogleUtilities/NSData+zlib (~> 6.0)"
    - nanopb (= 0.3.9011)
  - FirebaseAnalyticsInterop (1.5.0)
  - FirebaseCore (6.6.5):
    - FirebaseCoreDiagnostics (~> 1.2)
    - FirebaseCoreDiagnosticsInterop (~> 1.2)
    - GoogleUtilities/Environment (~> 6.5)
    - GoogleUtilities/Logger (~> 6.5)
  - FirebaseCoreDiagnostics (1.2.2):
    - FirebaseCoreDiagnosticsInterop (~> 1.2)
    - GoogleDataTransportCCTSupport (~> 2.0)
    - GoogleUtilities/Environment (~> 6.5)
    - GoogleUtilities/Logger (~> 6.5)
    - nanopb (~> 0.3.901)
  - FirebaseCoreDiagnosticsInterop (1.2.0)
  - FirebaseInstallations (1.1.1):
    - FirebaseCore (~> 6.6)
    - GoogleUtilities/UserDefaults (~> 6.5)
    - PromisesObjC (~> 1.2)
  - FirebaseInstanceID (4.3.2):
    - FirebaseCore (~> 6.6)
    - FirebaseInstallations (~> 1.0)
    - GoogleUtilities/Environment (~> 6.5)
    - GoogleUtilities/UserDefaults (~> 6.5)
  - FirebaseMessaging (4.3.0):
    - FirebaseAnalyticsInterop (~> 1.5)
    - FirebaseCore (~> 6.6)
    - FirebaseInstanceID (~> 4.3)
    - GoogleUtilities/AppDelegateSwizzler (~> 6.5)
    - GoogleUtilities/Environment (~> 6.5)
    - GoogleUtilities/Reachability (~> 6.5)
    - GoogleUtilities/UserDefaults (~> 6.5)
    - Protobuf (>= 3.9.2, ~> 3.9)
  - Google-Mobile-Ads-SDK (7.57.0):
    - GoogleAppMeasurement (~> 6.0)
  - GoogleAppMeasurement (6.4.0):
    - GoogleUtilities/AppDelegateSwizzler (~> 6.0)
    - GoogleUtilities/MethodSwizzler (~> 6.0)
    - GoogleUtilities/Network (~> 6.0)
    - "GoogleUtilities/NSData+zlib (~> 6.0)"
    - nanopb (= 0.3.9011)
  - GoogleDataTransport (5.1.0)
  - GoogleDataTransportCCTSupport (2.0.1):
    - GoogleDataTransport (~> 5.1)
    - nanopb (~> 0.3.901)
  - GoogleMobileAdsMediationNend (5.3.1.0):
    - Google-Mobile-Ads-SDK (>= 7.52.0)
    - NendSDK_iOS (= 5.3.1)
  - GoogleUtilities/AppDelegateSwizzler (6.5.2):
    - GoogleUtilities/Environment
    - GoogleUtilities/Logger
    - GoogleUtilities/Network
  - GoogleUtilities/Environment (6.5.2)
  - GoogleUtilities/Logger (6.5.2):
    - GoogleUtilities/Environment
  - GoogleUtilities/MethodSwizzler (6.5.2):
    - GoogleUtilities/Logger
  - GoogleUtilities/Network (6.5.2):
    - GoogleUtilities/Logger
    - "GoogleUtilities/NSData+zlib"
    - GoogleUtilities/Reachability
  - "GoogleUtilities/NSData+zlib (6.5.2)"
  - GoogleUtilities/Reachability (6.5.2):
    - GoogleUtilities/Logger
  - GoogleUtilities/UserDefaults (6.5.2):
    - GoogleUtilities/Logger
  - nanopb (0.3.9011):
    - nanopb/decode (= 0.3.9011)
    - nanopb/encode (= 0.3.9011)
  - nanopb/decode (0.3.9011)
  - nanopb/encode (0.3.9011)
  - NCMB (3.1.0)
  - NendSDK_iOS (5.3.1)
  - PersonalizedAdConsent (1.0.5)
  - PromisesObjC (1.2.8)
  - Protobuf (3.11.4)
  - PureLayout (3.1.5)
  - RMPZoomTransitionAnimator (1.0.3)
  - SwiftyStoreKit (0.15.0)
  - TinyConstraints (4.0.1)
  - ZFDragableModalTransition (0.6)

DEPENDENCIES:
  - BubbleTransition
  - DJKPurchaseService (from `https://github.com/WataruSuzuki/PurchaseService-iOS.git`)
  - Firebase/Core
  - Firebase/Messaging
  - GoogleMobileAdsMediationNend
  - NCMB (from `https://github.com/NIFTYCloud-mbaas/ncmb_ios.git`)
  - PureLayout
  - RMPZoomTransitionAnimator
  - TinyConstraints
  - ZFDragableModalTransition

SPEC REPOS:
  trunk:
    - BubbleTransition
    - Firebase
    - FirebaseAnalytics
    - FirebaseAnalyticsInterop
    - FirebaseCore
    - FirebaseCoreDiagnostics
    - FirebaseCoreDiagnosticsInterop
    - FirebaseInstallations
    - FirebaseInstanceID
    - FirebaseMessaging
    - Google-Mobile-Ads-SDK
    - GoogleAppMeasurement
    - GoogleDataTransport
    - GoogleDataTransportCCTSupport
    - GoogleMobileAdsMediationNend
    - GoogleUtilities
    - nanopb
    - NendSDK_iOS
    - PersonalizedAdConsent
    - PromisesObjC
    - Protobuf
    - PureLayout
    - RMPZoomTransitionAnimator
    - SwiftyStoreKit
    - TinyConstraints
    - ZFDragableModalTransition

EXTERNAL SOURCES:
  DJKPurchaseService:
    :git: https://github.com/WataruSuzuki/PurchaseService-iOS.git
  NCMB:
    :git: https://github.com/NIFTYCloud-mbaas/ncmb_ios.git

CHECKOUT OPTIONS:
  DJKPurchaseService:
    :commit: 204b782ae0522992958c14019964e3538a6183e9
    :git: https://github.com/WataruSuzuki/PurchaseService-iOS.git
  NCMB:
    :commit: 06072ba57e6ef461cafd20feaa798be0eef0cf8b
    :git: https://github.com/NIFTYCloud-mbaas/ncmb_ios.git

SPEC CHECKSUMS:
  BubbleTransition: 9d96f31375e0db46684e2060d3a601fa47d9f9c1
  DJKPurchaseService: c9ce18253522a919d282ca3d32e69a9bed4d4a18
  Firebase: f378c80340dd41c0ad0914af740c021eb282a04b
  FirebaseAnalytics: a1a0b3327ceb5cd5b4bacffdb293f6c909aa087d
  FirebaseAnalyticsInterop: 3f86269c38ae41f47afeb43ebf32a001f58fcdae
  FirebaseCore: 9f495d3afacb7b558711e6218ebb14b1c51b5802
  FirebaseCoreDiagnostics: e9b4cd8ba60dee0f2d13347332e4b7898cca5b61
  FirebaseCoreDiagnosticsInterop: 296e2c5f5314500a850ad0b83e9e7c10b011a850
  FirebaseInstallations: acb3216eb9784d3b1d2d2d635ff74fa892cc0c44
  FirebaseInstanceID: 7ee0d6777013bb952f377b41965bf132b6a075be
  FirebaseMessaging: 4ec33842d36b3319e062e51fb8b35a74f726950d
  Google-Mobile-Ads-SDK: ec897018b9ab9b447e7aa4876e7f75aba13ba2de
  GoogleAppMeasurement: 6e68a94d0eaeb1d73ef6b0ed4f7334e29d63ae29
  GoogleDataTransport: b29a21d813e906014ca16c00897827e40e4a24ab
  GoogleDataTransportCCTSupport: 6f15a89b0ca35d6fa523e1f752ef818588885988
  GoogleMobileAdsMediationNend: 2bc00eb888756e922dc6c688691e6134cc00e4df
  GoogleUtilities: ad0f3b691c67909d03a3327cc205222ab8f42e0e
  nanopb: 18003b5e52dab79db540fe93fe9579f399bd1ccd
  NCMB: c308972109137bf523ec1830bac16de6a31c25f4
  NendSDK_iOS: b74e0a6408e4c9c1c0b653ca9a55762e315949f2
  PersonalizedAdConsent: dbecabb3467df967c16d9cebc2ef4a8890e4bbd8
  PromisesObjC: c119f3cd559f50b7ae681fa59dc1acd19173b7e6
  Protobuf: 176220c526ad8bd09ab1fb40a978eac3fef665f7
  PureLayout: 9b4ad47b2f0388c84ff534af23d96e720c1b875a
  RMPZoomTransitionAnimator: 33ded739d91052810c05c8e553663cc9ec79275b
  SwiftyStoreKit: 033d06b6f87955405d3f844a18a7687c2438592a
  TinyConstraints: 8dd91295e56797648c7bc335dd20e1d91ec4c192
  ZFDragableModalTransition: 0d294eaaba6edfcb9839595de765f9ca06a4b524

PODFILE CHECKSUM: e0b283cd0d7575ba5cc1ae4a2eb1e51393b8e811

COCOAPODS: 1.9.1
